
Microsoft Visual Studio Solution File, Format Version 12.00
# Visual Studio Version 16
VisualStudioVersion = 16.0.29609.76
MinimumVisualStudioVersion = 10.0.40219.1
Project("{FAE04EC0-301F-11D3-BF4B-00C04F79EFBC}") = "ProyectoCiberVentas", "ProyectoCiberVentas.csproj", "{90B2BD1E-8BA4-45ED-B58B-46F5B97EFB7C}"
EndProject
Global
	GlobalSection(SolutionConfigurationPlatforms) = preSolution
		Debug|Any CPU = Debug|Any CPU
		Release|Any CPU = Release|Any CPU
	EndGlobalSection
	GlobalSection(ProjectConfigurationPlatforms) = postSolution
		{90B2BD1E-8BA4-45ED-B58B-46F5B97EFB7C}.Debug|Any CPU.ActiveCfg = Debug|Any CPU
		{90B2BD1E-8BA4-45ED-B58B-46F5B97EFB7C}.Debug|Any CPU.Build.0 = Debug|Any CPU
		{90B2BD1E-8BA4-45ED-B58B-46F5B97EFB7C}.Release|Any CPU.ActiveCfg = Release|Any CPU
		{90B2BD1E-8BA4-45ED-B58B-46F5B97EFB7C}.Release|Any CPU.Build.0 = Release|Any CPU
	EndGlobalSection
	GlobalSection(SolutionProperties) = preSolution
		HideSolutionNode = FALSE
	EndGlobalSection
	GlobalSection(ExtensibilityGlobals) = postSolution
		SolutionGuid = {471158B0-CF89-4A9B-947B-3731B956FA2A}
	EndGlobalSection
EndGlobal
